
Microsoft Visual Studio Solution File, Format Version 11.00
# Visual Studio 2010
Project("{FAE04EC0-301F-11D3-BF4B-00C04F79EFBC}") = "Appender", "Appender\Appender.csproj", "{70A41276-0630-4131-B231-37E62CE30F79}"
EndProject
Project("{FAE04EC0-301F-11D3-BF4B-00C04F79EFBC}") = "Test", "Test\Test.csproj", "{D7E54312-495E-494B-AC6D-D04E6CB6F9C7}"
EndProject
Global
	GlobalSection(SolutionConfigurationPlatforms) = preSolution
		Debug|Any CPU = Debug|Any CPU
		Debug|Mixed Platforms = Debug|Mixed Platforms
		Debug|x86 = Debug|x86
		Release|Any CPU = Release|Any CPU
		Release|Mixed Platforms = Release|Mixed Platforms
		Release|x86 = Release|x86
	EndGlobalSection
	GlobalSection(ProjectConfigurationPlatforms) = postSolution
		{70A41276-0630-4131-B231-37E62CE30F79}.Debug|Any CPU.ActiveCfg = Debug|Any CPU
		{70A41276-0630-4131-B231-37E62CE30F79}.Debug|Any CPU.Build.0 = Debug|Any CPU
		{70A41276-0630-4131-B231-37E62CE30F79}.Debug|Mixed Platforms.ActiveCfg = Debug|Any CPU
		{70A41276-0630-4131-B231-37E62CE30F79}.Debug|Mixed Platforms.Build.0 = Debug|Any CPU
		{70A41276-0630-4131-B231-37E62CE30F79}.Debug|x86.ActiveCfg = Debug|Any CPU
		{70A41276-0630-4131-B231-37E62CE30F79}.Release|Any CPU.ActiveCfg = Release|Any CPU
		{70A41276-0630-4131-B231-37E62CE30F79}.Release|Any CPU.Build.0 = Release|Any CPU
		{70A41276-0630-4131-B231-37E62CE30F79}.Release|Mixed Platforms.ActiveCfg = Release|Any CPU
		{70A41276-0630-4131-B231-37E62CE30F79}.Release|Mixed Platforms.Build.0 = Release|Any CPU
		{70A41276-0630-4131-B231-37E62CE30F79}.Release|x86.ActiveCfg = Release|Any CPU
		{D7E54312-495E-494B-AC6D-D04E6CB6F9C7}.Debug|Any CPU.ActiveCfg = Debug|x86
		{D7E54312-495E-494B-AC6D-D04E6CB6F9C7}.Debug|Mixed Platforms.ActiveCfg = Debug|x86
		{D7E54312-495E-494B-AC6D-D04E6CB6F9C7}.Debug|Mixed Platforms.Build.0 = Debug|x86
		{D7E54312-495E-494B-AC6D-D04E6CB6F9C7}.Debug|x86.ActiveCfg = Debug|x86
		{D7E54312-495E-494B-AC6D-D04E6CB6F9C7}.Debug|x86.Build.0 = Debug|x86
		{D7E54312-495E-494B-AC6D-D04E6CB6F9C7}.Release|Any CPU.ActiveCfg = Release|x86
		{D7E54312-495E-494B-AC6D-D04E6CB6F9C7}.Release|Mixed Platforms.ActiveCfg = Release|x86
		{D7E54312-495E-494B-AC6D-D04E6CB6F9C7}.Release|Mixed Platforms.Build.0 = Release|x86
		{D7E54312-495E-494B-AC6D-D04E6CB6F9C7}.Release|x86.ActiveCfg = Release|x86
		{D7E54312-495E-494B-AC6D-D04E6CB6F9C7}.Release|x86.Build.0 = Release|x86
	EndGlobalSection
	GlobalSection(SolutionProperties) = preSolution
		HideSolutionNode = FALSE
	EndGlobalSection
EndGlobal
